
Microsoft Visual Studio Solution File, Format Version 12.00
# Visual Studio 15
VisualStudioVersion = 15.0.27703.2026
MinimumVisualStudioVersion = 10.0.40219.1
Project("{FAE04EC0-301F-11D3-BF4B-00C04F79EFBC}") = "RoofJobApplication", "RoofJobApplication\RoofJobApplication.csproj", "{9DF3FEA0-D8C0-45E3-9321-A8D56EAA442C}"
EndProject
Project("{FAE04EC0-301F-11D3-BF4B-00C04F79EFBC}") = "RoofJobViewer", "RoofJobViewer\RoofJobViewer.csproj", "{3D304985-44CD-4927-8788-3358AB47BB56}"
EndProject
Global
	GlobalSection(SolutionConfigurationPlatforms) = preSolution
		Debug|Any CPU = Debug|Any CPU
		Release|Any CPU = Release|Any CPU
	EndGlobalSection
	GlobalSection(ProjectConfigurationPlatforms) = postSolution
		{9DF3FEA0-D8C0-45E3-9321-A8D56EAA442C}.Debug|Any CPU.ActiveCfg = Debug|Any CPU
		{9DF3FEA0-D8C0-45E3-9321-A8D56EAA442C}.Debug|Any CPU.Build.0 = Debug|Any CPU
		{9DF3FEA0-D8C0-45E3-9321-A8D56EAA442C}.Release|Any CPU.ActiveCfg = Release|Any CPU
		{9DF3FEA0-D8C0-45E3-9321-A8D56EAA442C}.Release|Any CPU.Build.0 = Release|Any CPU
		{3D304985-44CD-4927-8788-3358AB47BB56}.Debug|Any CPU.ActiveCfg = Debug|Any CPU
		{3D304985-44CD-4927-8788-3358AB47BB56}.Debug|Any CPU.Build.0 = Debug|Any CPU
		{3D304985-44CD-4927-8788-3358AB47BB56}.Release|Any CPU.ActiveCfg = Release|Any CPU
		{3D304985-44CD-4927-8788-3358AB47BB56}.Release|Any CPU.Build.0 = Release|Any CPU
	EndGlobalSection
	GlobalSection(SolutionProperties) = preSolution
		HideSolutionNode = FALSE
	EndGlobalSection
	GlobalSection(ExtensibilityGlobals) = postSolution
		SolutionGuid = {E4F361A2-39D7-439F-B33D-89FAAE84896A}
	EndGlobalSection
EndGlobal
